<?xml version="1.0" encoding="utf-8"?>
<Project ToolsVersion="4.0" xmlns="http://schemas.microsoft.com/developer/msbuild/2003">
  <ItemGroup>
    <Filter Include="Source Files">
      <UniqueIdentifier>{4FC737F1-C7A5-4376-A066-2A32D752A2FF}</UniqueIdentifier>
      <Extensions>qml;cpp;c;cc;cxx;def;odl;idl;hpj;bat;asm;asmx</Extensions>
    </Filter>
    <Filter Include="Header Files">
      <UniqueIdentifier>{93995380-89BD-4b04-88EB-625FBE52EBFB}</UniqueIdentifier>
      <Extensions>h;hh;hpp;hxx;hm;inl;inc;xsd</Extensions>
    </Filter>
    <Filter Include="Resource Files">
      <UniqueIdentifier>{67DA6AB6-F800-4c08-8B7A-83BB121AAD01}</UniqueIdentifier>
      <Extensions>qrc;rc;ico;cur;bmp;dlg;rc2;rct;bin;rgs;gif;jpg;jpeg;jpe;resx;tiff;tif;png;wav;mfcribbon-ms</Extensions>
    </Filter>
    <Filter Include="Form Files">
      <UniqueIdentifier>{99349809-55BA-4b9d-BF79-8FDBB0286EB3}</UniqueIdentifier>
      <Extensions>ui</Extensions>
    </Filter>
    <Filter Include="Translation Files">
      <UniqueIdentifier>{639EADAA-A684-42e4-A9AD-28FC9BCB8F7C}</UniqueIdentifier>
      <Extensions>ts</Extensions>
    </Filter>
    <Filter Include="Header Files\Abstract">
      <UniqueIdentifier>{ae4bcbfb-9c29-4522-9ff0-d80d242e8903}</UniqueIdentifier>
    </Filter>
    <Filter Include="Source Files\Abstract">
      <UniqueIdentifier>{ea6b9ce8-3679-4566-bf8b-7b6ebd5a46c4}</UniqueIdentifier>
    </Filter>
    <Filter Include="Header Files\CustomQWidget">
      <UniqueIdentifier>{f0f03f3c-3c54-4529-9912-c078b5ea6790}</UniqueIdentifier>
    </Filter>
    <Filter Include="Source Files\CustomQWidget">
      <UniqueIdentifier>{ae48cff4-e739-4a78-be66-a0401f807bf9}</UniqueIdentifier>
    </Filter>
    <Filter Include="Header Files\Module">
      <UniqueIdentifier>{189e8959-54ac-4358-8182-f474c3d86dad}</UniqueIdentifier>
    </Filter>
    <Filter Include="Source Files\Module">
      <UniqueIdentifier>{2f4c834b-a490-4627-af38-2076380d3bd7}</UniqueIdentifier>
    </Filter>
    <Filter Include="Source Files\Window">
      <UniqueIdentifier>{0468cb4d-63d6-48f4-b357-9edd2a98cad9}</UniqueIdentifier>
    </Filter>
    <Filter Include="Source Files\Module\FileMapping">
      <UniqueIdentifier>{f418bc1e-2128-4989-bcf8-30c863ba1b7b}</UniqueIdentifier>
    </Filter>
    <Filter Include="Header Files\Module\FileMapping">
      <UniqueIdentifier>{81d89e05-4462-4171-bdde-14b07cf780be}</UniqueIdentifier>
    </Filter>
    <Filter Include="Header Files\CustomQWidget\FileMapping">
      <UniqueIdentifier>{89b8fe0f-2de0-4587-ad58-a7b813a911c1}</UniqueIdentifier>
    </Filter>
    <Filter Include="ToolKit">
      <UniqueIdentifier>{d67bb364-0955-45a2-aa92-be00bcffcd38}</UniqueIdentifier>
    </Filter>
    <Filter Include="Source Files\ToolKit">
      <UniqueIdentifier>{0f0a7393-898d-4ea4-993b-63a297945786}</UniqueIdentifier>
    </Filter>
  </ItemGroup>
  <ItemGroup>
    <QtRcc Include="resource.qrc">
      <Filter>Resource Files</Filter>
    </QtRcc>
  </ItemGroup>
  <ItemGroup>
    <ClCompile Include="..\src\LibHeaderFileAutoSyncUpdate\main.cpp">
      <Filter>Source Files</Filter>
    </ClCompile>
    <ClCompile Include="..\src\LibHeaderFileAutoSyncUpdate\CustomQApp.cpp">
      <Filter>Source Files</Filter>
    </ClCompile>
    <ClCompile Include="..\src\CustomQObject\CustomAbstractQMainWindow.cpp">
      <Filter>Source Files\Abstract</Filter>
    </ClCompile>
    <ClCompile Include="..\src\CustomQObject\CustomAbstractQWidget.cpp">
      <Filter>Source Files\Abstract</Filter>
    </ClCompile>
    <ClCompile Include="..\src\CustomQObject\CustomAbstractQApp.cpp">
      <Filter>Source Files\Abstract</Filter>
    </ClCompile>
    <ClCompile Include="..\src\CustomQWidget\CustomMsgBrowserWidget.cpp">
      <Filter>Source Files\CustomQWidget</Filter>
    </ClCompile>
    <ClCompile Include="..\src\LibHeaderFileAutoSyncUpdate\GlobalMessageRepost.cpp">
      <Filter>Source Files\Module</Filter>
    </ClCompile>
    <ClCompile Include="..\src\LibHeaderFileAutoSyncUpdate\CustomQMainWindow.cpp">
      <Filter>Source Files\Window</Filter>
    </ClCompile>
    <ClCompile Include="..\src\LibHeaderFileAutoSyncUpdate\FileMappingManager.cpp">
      <Filter>Source Files\Module\FileMapping</Filter>
    </ClCompile>
    <ClCompile Include="..\src\LibHeaderFileAutoSyncUpdate\FileMappingPattern.cpp">
      <Filter>Source Files\Module\FileMapping</Filter>
    </ClCompile>
    <ClCompile Include="..\src\LibHeaderFileAutoSyncUpdate\FileMappingRule.cpp">
      <Filter>Source Files\Module\FileMapping</Filter>
    </ClCompile>
    <ClCompile Include="..\src\LibHeaderFileAutoSyncUpdate\FileMappingRuleParser.cpp">
      <Filter>Source Files\Module\FileMapping</Filter>
    </ClCompile>
    <ClCompile Include="..\src\LibHeaderFileAutoSyncUpdate\FileMappingTask.cpp">
      <Filter>Source Files\Module\FileMapping</Filter>
    </ClCompile>
    <ClCompile Include="..\src\LibHeaderFileAutoSyncUpdate\FileMappingUnit.cpp">
      <Filter>Source Files\Module\FileMapping</Filter>
    </ClCompile>
    <ClCompile Include="..\src\LibHeaderFileAutoSyncUpdate\CustomFileMappingPatternWidget.cpp">
      <Filter>Source Files\CustomQWidget</Filter>
    </ClCompile>
    <ClCompile Include="..\src\CustomQToolKit\QJsonIO.cpp">
      <Filter>Source Files\ToolKit</Filter>
    </ClCompile>
    <ClCompile Include="..\src\CustomQWidget\assembledQWidget\CustomQLabelEdit.cpp">
      <Filter>Source Files</Filter>
    </ClCompile>
    <ClCompile Include="..\src\LibHeaderFileAutoSyncUpdate\CustomFileMappingTaskWidget.cpp">
      <Filter>Source Files\CustomQWidget</Filter>
    </ClCompile>
  </ItemGroup>
  <ItemGroup>
    <QtMoc Include="..\src\LibHeaderFileAutoSyncUpdate\CustomQMainWindow.h">
      <Filter>Header Files</Filter>
    </QtMoc>
    <QtMoc Include="..\src\LibHeaderFileAutoSyncUpdate\CustomQApp.h">
      <Filter>Header Files</Filter>
    </QtMoc>
    <QtMoc Include="..\src\CustomQObject\CustomAbstractQWidget.h">
      <Filter>Header Files\Abstract</Filter>
    </QtMoc>
    <QtMoc Include="..\src\CustomQObject\CustomAbstractQApp.h">
      <Filter>Header Files\Abstract</Filter>
    </QtMoc>
    <QtMoc Include="..\src\CustomQObject\CustomAbstractQMainWindow.h">
      <Filter>Header Files\Abstract</Filter>
    </QtMoc>
    <QtMoc Include="..\src\CustomQWidget\CustomMsgBrowserWidget.h">
      <Filter>Header Files\CustomQWidget</Filter>
    </QtMoc>
    <QtMoc Include="..\src\LibHeaderFileAutoSyncUpdate\GlobalMessageRepost.h">
      <Filter>Header Files\Module</Filter>
    </QtMoc>
    <QtMoc Include="..\src\LibHeaderFileAutoSyncUpdate\FileMappingManager.h">
      <Filter>Header Files\Module\FileMapping</Filter>
    </QtMoc>
    <QtMoc Include="..\src\LibHeaderFileAutoSyncUpdate\CustomFileMappingPatternWidget.h">
      <Filter>Header Files\CustomQWidget\FileMapping</Filter>
    </QtMoc>
    <QtMoc Include="..\src\LibHeaderFileAutoSyncUpdate\CustomFileMappingTaskWidget.h">
      <Filter>Header Files\CustomQWidget\FileMapping</Filter>
    </QtMoc>
    <QtMoc Include="..\src\CustomQWidget\assembledQWidget\CustomQLabelEdit.h">
      <Filter>Header Files</Filter>
    </QtMoc>
  </ItemGroup>
  <ItemGroup>
    <QtUic Include="..\src\LibHeaderFileAutoSyncUpdate\CustomQMainWindow.ui">
      <Filter>Form Files</Filter>
    </QtUic>
    <QtUic Include="..\src\CustomQWidget\CustomMsgBrowserWidget.ui">
      <Filter>Form Files</Filter>
    </QtUic>
    <QtUic Include="..\src\LibHeaderFileAutoSyncUpdate\CustomFileMappingPatternWidget.ui">
      <Filter>Form Files</Filter>
    </QtUic>
    <QtUic Include="..\src\LibHeaderFileAutoSyncUpdate\CustomFileMappingTaskWidget.ui">
      <Filter>Form Files</Filter>
    </QtUic>
  </ItemGroup>
  <ItemGroup>
    <ClInclude Include="..\src\LibHeaderFileAutoSyncUpdate\FileMappingPattern.h">
      <Filter>Header Files\Module\FileMapping</Filter>
    </ClInclude>
    <ClInclude Include="..\src\LibHeaderFileAutoSyncUpdate\FileMappingRule.h">
      <Filter>Header Files\Module\FileMapping</Filter>
    </ClInclude>
    <ClInclude Include="..\src\LibHeaderFileAutoSyncUpdate\FileMappingRuleParser.h">
      <Filter>Header Files\Module\FileMapping</Filter>
    </ClInclude>
    <ClInclude Include="..\src\LibHeaderFileAutoSyncUpdate\FileMappingTask.h">
      <Filter>Header Files\Module\FileMapping</Filter>
    </ClInclude>
    <ClInclude Include="..\src\LibHeaderFileAutoSyncUpdate\FileMappingUnit.h">
      <Filter>Header Files\Module\FileMapping</Filter>
    </ClInclude>
    <ClInclude Include="..\src\CustomQToolKit\QJsonIO.h">
      <Filter>ToolKit</Filter>
    </ClInclude>
  </ItemGroup>
</Project>